
Microsoft Visual Studio Solution File, Format Version 12.00
# Visual Studio Version 17
VisualStudioVersion = 17.0.31903.59
MinimumVisualStudioVersion = 10.0.40219.1
Project("{2150E333-8FDC-42A3-9474-1A3956D46DE8}") = "src", "src", "{827E0CD3-B72D-47B6-A68D-7590B98EB39B}"
EndProject
Project("{2150E333-8FDC-42A3-9474-1A3956D46DE8}") = "BuildingBlocks", "BuildingBlocks", "{90298CBA-BD6F-3A0A-69D5-97CAD7B05E7E}"
EndProject
Project("{FAE04EC0-301F-11D3-BF4B-00C04F79EFBC}") = "AiControlCenter.Contracts", "src\BuildingBlocks\AiControlCenter.Contracts\AiControlCenter.Contracts.csproj", "{98E60F84-0ACE-4924-8F2F-B391696E0D0F}"
EndProject
Project("{FAE04EC0-301F-11D3-BF4B-00C04F79EFBC}") = "AiControlCenter.Grpc.Contracts", "src\BuildingBlocks\AiControlCenter.Grpc.Contracts\AiControlCenter.Grpc.Contracts.csproj", "{D2F0380E-1762-4455-AB6E-838DDC57DCCD}"
EndProject
Project("{FAE04EC0-301F-11D3-BF4B-00C04F79EFBC}") = "AiControlCenter.Observability", "src\BuildingBlocks\AiControlCenter.Observability\AiControlCenter.Observability.csproj", "{6DE36310-A0C7-4B58-8D2C-B0993316404B}"
EndProject
Project("{FAE04EC0-301F-11D3-BF4B-00C04F79EFBC}") = "AiControlCenter.Security", "src\BuildingBlocks\AiControlCenter.Security\AiControlCenter.Security.csproj", "{A1C0A2E2-4428-4D8E-9D1E-0D16D287D911}"
EndProject
Project("{2150E333-8FDC-42A3-9474-1A3956D46DE8}") = "Gateway", "Gateway", "{6306A8FB-679E-111F-6585-8F70E0EE6013}"
EndProject
Project("{FAE04EC0-301F-11D3-BF4B-00C04F79EFBC}") = "AiControlCenter.Gateway", "src\Gateway\AiControlCenter.Gateway\AiControlCenter.Gateway.csproj", "{E92545D1-8FAE-4986-AB79-FD675B890645}"
EndProject
Project("{2150E333-8FDC-42A3-9474-1A3956D46DE8}") = "Services", "Services", "{984BB9B3-3FA3-BE33-9484-CAC21695A33C}"
EndProject
Project("{2150E333-8FDC-42A3-9474-1A3956D46DE8}") = "ControlPlane", "ControlPlane", "{7FBF94EC-AF7D-B5AB-0253-14B290358DE4}"
EndProject
Project("{FAE04EC0-301F-11D3-BF4B-00C04F79EFBC}") = "AiControlCenter.ControlPlane.Api", "src\Services\ControlPlane\AiControlCenter.ControlPlane.Api\AiControlCenter.ControlPlane.Api.csproj", "{1956756B-D994-42EF-BCD6-E9A4EE623A3A}"
EndProject
Project("{FAE04EC0-301F-11D3-BF4B-00C04F79EFBC}") = "AiControlCenter.ControlPlane.Application", "src\Services\ControlPlane\AiControlCenter.ControlPlane.Application\AiControlCenter.ControlPlane.Application.csproj", "{B371E1D5-D4E9-4667-B44F-BB0D634D4C05}"
EndProject
Project("{FAE04EC0-301F-11D3-BF4B-00C04F79EFBC}") = "AiControlCenter.ControlPlane.Domain", "src\Services\ControlPlane\AiControlCenter.ControlPlane.Domain\AiControlCenter.ControlPlane.Domain.csproj", "{D3E01693-063F-4409-80D1-C18BC1AA5861}"
EndProject
Project("{FAE04EC0-301F-11D3-BF4B-00C04F79EFBC}") = "AiControlCenter.ControlPlane.Infrastructure", "src\Services\ControlPlane\AiControlCenter.ControlPlane.Infrastructure\AiControlCenter.ControlPlane.Infrastructure.csproj", "{208A2056-2839-49BF-885F-EF759288D808}"
EndProject
Project("{2150E333-8FDC-42A3-9474-1A3956D46DE8}") = "Identity", "Identity", "{1BFC9479-12BF-35C3-06B8-42D89D95092B}"
EndProject
Project("{FAE04EC0-301F-11D3-BF4B-00C04F79EFBC}") = "AiControlCenter.Identity.Api", "src\Services\Identity\AiControlCenter.Identity.Api\AiControlCenter.Identity.Api.csproj", "{D5D251C0-C903-4C99-87C8-F8789AEEAD16}"
EndProject
Project("{FAE04EC0-301F-11D3-BF4B-00C04F79EFBC}") = "AiControlCenter.Identity.Application", "src\Services\Identity\AiControlCenter.Identity.Application\AiControlCenter.Identity.Application.csproj", "{91331332-0ABD-4CA1-9F10-95A1034B85D1}"
EndProject
Project("{FAE04EC0-301F-11D3-BF4B-00C04F79EFBC}") = "AiControlCenter.Identity.Domain", "src\Services\Identity\AiControlCenter.Identity.Domain\AiControlCenter.Identity.Domain.csproj", "{88776ED5-487F-4D08-9E79-29313D36EB0A}"
EndProject
Project("{FAE04EC0-301F-11D3-BF4B-00C04F79EFBC}") = "AiControlCenter.Identity.Infrastructure", "src\Services\Identity\AiControlCenter.Identity.Infrastructure\AiControlCenter.Identity.Infrastructure.csproj", "{855D5ADD-5098-414C-B436-64E7167B1DEE}"
EndProject
Project("{2150E333-8FDC-42A3-9474-1A3956D46DE8}") = "Integrations", "Integrations", "{28252C9E-2B50-D3EB-3739-63F7D367C9D3}"
EndProject
Project("{FAE04EC0-301F-11D3-BF4B-00C04F79EFBC}") = "AiControlCenter.Integrations.Api", "src\Services\Integrations\AiControlCenter.Integrations.Api\AiControlCenter.Integrations.Api.csproj", "{7F948093-7ABA-40B8-810D-E7D87CC58384}"
EndProject
Project("{FAE04EC0-301F-11D3-BF4B-00C04F79EFBC}") = "AiControlCenter.Integrations.Application", "src\Services\Integrations\AiControlCenter.Integrations.Application\AiControlCenter.Integrations.Application.csproj", "{6A017A9A-178A-4DB7-9001-BC7A59F81E09}"
EndProject
Project("{FAE04EC0-301F-11D3-BF4B-00C04F79EFBC}") = "AiControlCenter.Integrations.Infrastructure", "src\Services\Integrations\AiControlCenter.Integrations.Infrastructure\AiControlCenter.Integrations.Infrastructure.csproj", "{415D5BF3-E1EA-432C-803F-FC5914CE5096}"
EndProject
Project("{2150E333-8FDC-42A3-9474-1A3956D46DE8}") = "Orchestrator", "Orchestrator", "{EA0F35C7-732B-21E6-14BF-2A14EFF0C30B}"
EndProject
Project("{FAE04EC0-301F-11D3-BF4B-00C04F79EFBC}") = "AiControlCenter.Orchestrator.Api", "src\Services\Orchestrator\AiControlCenter.Orchestrator.Api\AiControlCenter.Orchestrator.Api.csproj", "{9B7F7009-C8A3-4E19-B7F5-FCAED25A2CBF}"
EndProject
Project("{FAE04EC0-301F-11D3-BF4B-00C04F79EFBC}") = "AiControlCenter.Orchestrator.Application", "src\Services\Orchestrator\AiControlCenter.Orchestrator.Application\AiControlCenter.Orchestrator.Application.csproj", "{2D127AD3-3B6F-48E7-A2B4-FA597810E4DE}"
EndProject
Project("{FAE04EC0-301F-11D3-BF4B-00C04F79EFBC}") = "AiControlCenter.Orchestrator.Domain", "src\Services\Orchestrator\AiControlCenter.Orchestrator.Domain\AiControlCenter.Orchestrator.Domain.csproj", "{30425282-E30B-4ECE-AD6C-7BB710A8D40C}"
EndProject
Project("{FAE04EC0-301F-11D3-BF4B-00C04F79EFBC}") = "AiControlCenter.Orchestrator.Infrastructure", "src\Services\Orchestrator\AiControlCenter.Orchestrator.Infrastructure\AiControlCenter.Orchestrator.Infrastructure.csproj", "{D7683BF0-5F04-4CA5-9A48-5F48FD23F8F7}"
EndProject
Project("{2150E333-8FDC-42A3-9474-1A3956D46DE8}") = "Worker", "Worker", "{EFB8DF9A-85A2-F853-6D08-6FA98AD00010}"
EndProject
Project("{FAE04EC0-301F-11D3-BF4B-00C04F79EFBC}") = "AiControlCenter.Worker.Service", "src\Services\Worker\AiControlCenter.Worker.Service\AiControlCenter.Worker.Service.csproj", "{EBBFB113-804E-49E0-939D-1A1A548316A4}"
EndProject
Project("{2150E333-8FDC-42A3-9474-1A3956D46DE8}") = "tests", "tests", "{0AB3BF05-4346-4AA6-1389-037BE0695223}"
EndProject
Project("{2150E333-8FDC-42A3-9474-1A3956D46DE8}") = "Architecture", "Architecture", "{875CD587-DE2F-08EE-74FB-D6BE4E474EF3}"
EndProject
Project("{FAE04EC0-301F-11D3-BF4B-00C04F79EFBC}") = "AiControlCenter.ArchitectureTests", "tests\Architecture\AiControlCenter.ArchitectureTests\AiControlCenter.ArchitectureTests.csproj", "{6E0520AB-0C81-4DEB-9152-71A3C56D8AB2}"
EndProject
Project("{2150E333-8FDC-42A3-9474-1A3956D46DE8}") = "Integration", "Integration", "{28A6993C-471E-82FE-7D9E-AD3B1EC22BD9}"
EndProject
Project("{FAE04EC0-301F-11D3-BF4B-00C04F79EFBC}") = "AiControlCenter.Gateway.IntegrationTests", "tests\Integration\AiControlCenter.Gateway.IntegrationTests\AiControlCenter.Gateway.IntegrationTests.csproj", "{D1F9E3E1-32BE-4A27-B5FA-427333AAAB69}"
EndProject
Project("{FAE04EC0-301F-11D3-BF4B-00C04F79EFBC}") = "AiControlCenter.Services.IntegrationTests", "tests\Integration\AiControlCenter.Services.IntegrationTests\AiControlCenter.Services.IntegrationTests.csproj", "{ABEDAEAC-BEBE-4085-91B5-7108CBC09BD9}"
EndProject
Project("{2150E333-8FDC-42A3-9474-1A3956D46DE8}") = "Unit", "Unit", "{9D556B49-86D1-93A7-9596-FFAAB74EC556}"
EndProject
Project("{FAE04EC0-301F-11D3-BF4B-00C04F79EFBC}") = "AiControlCenter.BuildingBlocks.UnitTests", "tests\Unit\AiControlCenter.BuildingBlocks.UnitTests\AiControlCenter.BuildingBlocks.UnitTests.csproj", "{BEB66C01-492C-41EC-A3CD-9593C6824C3D}"
EndProject
Project("{FAE04EC0-301F-11D3-BF4B-00C04F79EFBC}") = "AiControlCenter.Identity.UnitTests", "tests\Unit\AiControlCenter.Identity.UnitTests\AiControlCenter.Identity.UnitTests.csproj", "{C24D4E5A-9172-4B44-9AE7-47A9381D3F10}"
EndProject
Project("{FAE04EC0-301F-11D3-BF4B-00C04F79EFBC}") = "AiControlCenter.ControlPlane.UnitTests", "tests\Unit\AiControlCenter.ControlPlane.UnitTests\AiControlCenter.ControlPlane.UnitTests.csproj", "{F4A26E3A-2B80-4E9F-9C68-8E1D56E4A703}"
EndProject
Global
	GlobalSection(SolutionConfigurationPlatforms) = preSolution
		Debug|Any CPU = Debug|Any CPU
		Debug|x64 = Debug|x64
		Debug|x86 = Debug|x86
		Release|Any CPU = Release|Any CPU
		Release|x64 = Release|x64
		Release|x86 = Release|x86
	EndGlobalSection
	GlobalSection(ProjectConfigurationPlatforms) = postSolution
		{98E60F84-0ACE-4924-8F2F-B391696E0D0F}.Debug|Any CPU.ActiveCfg = Debug|Any CPU
		{98E60F84-0ACE-4924-8F2F-B391696E0D0F}.Debug|Any CPU.Build.0 = Debug|Any CPU
		{98E60F84-0ACE-4924-8F2F-B391696E0D0F}.Debug|x64.ActiveCfg = Debug|Any CPU
		{98E60F84-0ACE-4924-8F2F-B391696E0D0F}.Debug|x64.Build.0 = Debug|Any CPU
		{98E60F84-0ACE-4924-8F2F-B391696E0D0F}.Debug|x86.ActiveCfg = Debug|Any CPU
		{98E60F84-0ACE-4924-8F2F-B391696E0D0F}.Debug|x86.Build.0 = Debug|Any CPU
		{98E60F84-0ACE-4924-8F2F-B391696E0D0F}.Release|Any CPU.ActiveCfg = Release|Any CPU
		{98E60F84-0ACE-4924-8F2F-B391696E0D0F}.Release|Any CPU.Build.0 = Release|Any CPU
		{98E60F84-0ACE-4924-8F2F-B391696E0D0F}.Release|x64.ActiveCfg = Release|Any CPU
		{98E60F84-0ACE-4924-8F2F-B391696E0D0F}.Release|x64.Build.0 = Release|Any CPU
		{98E60F84-0ACE-4924-8F2F-B391696E0D0F}.Release|x86.ActiveCfg = Release|Any CPU
		{98E60F84-0ACE-4924-8F2F-B391696E0D0F}.Release|x86.Build.0 = Release|Any CPU
		{D2F0380E-1762-4455-AB6E-838DDC57DCCD}.Debug|Any CPU.ActiveCfg = Debug|Any CPU
		{D2F0380E-1762-4455-AB6E-838DDC57DCCD}.Debug|Any CPU.Build.0 = Debug|Any CPU
		{D2F0380E-1762-4455-AB6E-838DDC57DCCD}.Debug|x64.ActiveCfg = Debug|Any CPU
		{D2F0380E-1762-4455-AB6E-838DDC57DCCD}.Debug|x64.Build.0 = Debug|Any CPU
		{D2F0380E-1762-4455-AB6E-838DDC57DCCD}.Debug|x86.ActiveCfg = Debug|Any CPU
		{D2F0380E-1762-4455-AB6E-838DDC57DCCD}.Debug|x86.Build.0 = Debug|Any CPU
		{D2F0380E-1762-4455-AB6E-838DDC57DCCD}.Release|Any CPU.ActiveCfg = Release|Any CPU
		{D2F0380E-1762-4455-AB6E-838DDC57DCCD}.Release|Any CPU.Build.0 = Release|Any CPU
		{D2F0380E-1762-4455-AB6E-838DDC57DCCD}.Release|x64.ActiveCfg = Release|Any CPU
		{D2F0380E-1762-4455-AB6E-838DDC57DCCD}.Release|x64.Build.0 = Release|Any CPU
		{D2F0380E-1762-4455-AB6E-838DDC57DCCD}.Release|x86.ActiveCfg = Release|Any CPU
		{D2F0380E-1762-4455-AB6E-838DDC57DCCD}.Release|x86.Build.0 = Release|Any CPU
		{6DE36310-A0C7-4B58-8D2C-B0993316404B}.Debug|Any CPU.ActiveCfg = Debug|Any CPU
		{6DE36310-A0C7-4B58-8D2C-B0993316404B}.Debug|Any CPU.Build.0 = Debug|Any CPU
		{6DE36310-A0C7-4B58-8D2C-B0993316404B}.Debug|x64.ActiveCfg = Debug|Any CPU
		{6DE36310-A0C7-4B58-8D2C-B0993316404B}.Debug|x64.Build.0 = Debug|Any CPU
		{6DE36310-A0C7-4B58-8D2C-B0993316404B}.Debug|x86.ActiveCfg = Debug|Any CPU
		{6DE36310-A0C7-4B58-8D2C-B0993316404B}.Debug|x86.Build.0 = Debug|Any CPU
		{6DE36310-A0C7-4B58-8D2C-B0993316404B}.Release|Any CPU.ActiveCfg = Release|Any CPU
		{6DE36310-A0C7-4B58-8D2C-B0993316404B}.Release|Any CPU.Build.0 = Release|Any CPU
		{6DE36310-A0C7-4B58-8D2C-B0993316404B}.Release|x64.ActiveCfg = Release|Any CPU
		{6DE36310-A0C7-4B58-8D2C-B0993316404B}.Release|x64.Build.0 = Release|Any CPU
		{6DE36310-A0C7-4B58-8D2C-B0993316404B}.Release|x86.ActiveCfg = Release|Any CPU
		{6DE36310-A0C7-4B58-8D2C-B0993316404B}.Release|x86.Build.0 = Release|Any CPU
		{A1C0A2E2-4428-4D8E-9D1E-0D16D287D911}.Debug|Any CPU.ActiveCfg = Debug|Any CPU
		{A1C0A2E2-4428-4D8E-9D1E-0D16D287D911}.Debug|Any CPU.Build.0 = Debug|Any CPU
		{A1C0A2E2-4428-4D8E-9D1E-0D16D287D911}.Debug|x64.ActiveCfg = Debug|Any CPU
		{A1C0A2E2-4428-4D8E-9D1E-0D16D287D911}.Debug|x64.Build.0 = Debug|Any CPU
		{A1C0A2E2-4428-4D8E-9D1E-0D16D287D911}.Debug|x86.ActiveCfg = Debug|Any CPU
		{A1C0A2E2-4428-4D8E-9D1E-0D16D287D911}.Debug|x86.Build.0 = Debug|Any CPU
		{A1C0A2E2-4428-4D8E-9D1E-0D16D287D911}.Release|Any CPU.ActiveCfg = Release|Any CPU
		{A1C0A2E2-4428-4D8E-9D1E-0D16D287D911}.Release|Any CPU.Build.0 = Release|Any CPU
		{A1C0A2E2-4428-4D8E-9D1E-0D16D287D911}.Release|x64.ActiveCfg = Release|Any CPU
		{A1C0A2E2-4428-4D8E-9D1E-0D16D287D911}.Release|x64.Build.0 = Release|Any CPU
		{A1C0A2E2-4428-4D8E-9D1E-0D16D287D911}.Release|x86.ActiveCfg = Release|Any CPU
		{A1C0A2E2-4428-4D8E-9D1E-0D16D287D911}.Release|x86.Build.0 = Release|Any CPU
		{E92545D1-8FAE-4986-AB79-FD675B890645}.Debug|Any CPU.ActiveCfg = Debug|Any CPU
		{E92545D1-8FAE-4986-AB79-FD675B890645}.Debug|Any CPU.Build.0 = Debug|Any CPU
		{E92545D1-8FAE-4986-AB79-FD675B890645}.Debug|x64.ActiveCfg = Debug|Any CPU
		{E92545D1-8FAE-4986-AB79-FD675B890645}.Debug|x64.Build.0 = Debug|Any CPU
		{E92545D1-8FAE-4986-AB79-FD675B890645}.Debug|x86.ActiveCfg = Debug|Any CPU
		{E92545D1-8FAE-4986-AB79-FD675B890645}.Debug|x86.Build.0 = Debug|Any CPU
		{E92545D1-8FAE-4986-AB79-FD675B890645}.Release|Any CPU.ActiveCfg = Release|Any CPU
		{E92545D1-8FAE-4986-AB79-FD675B890645}.Release|Any CPU.Build.0 = Release|Any CPU
		{E92545D1-8FAE-4986-AB79-FD675B890645}.Release|x64.ActiveCfg = Release|Any CPU
		{E92545D1-8FAE-4986-AB79-FD675B890645}.Release|x64.Build.0 = Release|Any CPU
		{E92545D1-8FAE-4986-AB79-FD675B890645}.Release|x86.ActiveCfg = Release|Any CPU
		{E92545D1-8FAE-4986-AB79-FD675B890645}.Release|x86.Build.0 = Release|Any CPU
		{1956756B-D994-42EF-BCD6-E9A4EE623A3A}.Debug|Any CPU.ActiveCfg = Debug|Any CPU
		{1956756B-D994-42EF-BCD6-E9A4EE623A3A}.Debug|Any CPU.Build.0 = Debug|Any CPU
		{1956756B-D994-42EF-BCD6-E9A4EE623A3A}.Debug|x64.ActiveCfg = Debug|Any CPU
		{1956756B-D994-42EF-BCD6-E9A4EE623A3A}.Debug|x64.Build.0 = Debug|Any CPU
		{1956756B-D994-42EF-BCD6-E9A4EE623A3A}.Debug|x86.ActiveCfg = Debug|Any CPU
		{1956756B-D994-42EF-BCD6-E9A4EE623A3A}.Debug|x86.Build.0 = Debug|Any CPU
		{1956756B-D994-42EF-BCD6-E9A4EE623A3A}.Release|Any CPU.ActiveCfg = Release|Any CPU
		{1956756B-D994-42EF-BCD6-E9A4EE623A3A}.Release|Any CPU.Build.0 = Release|Any CPU
		{1956756B-D994-42EF-BCD6-E9A4EE623A3A}.Release|x64.ActiveCfg = Release|Any CPU
		{1956756B-D994-42EF-BCD6-E9A4EE623A3A}.Release|x64.Build.0 = Release|Any CPU
		{1956756B-D994-42EF-BCD6-E9A4EE623A3A}.Release|x86.ActiveCfg = Release|Any CPU
		{1956756B-D994-42EF-BCD6-E9A4EE623A3A}.Release|x86.Build.0 = Release|Any CPU
		{B371E1D5-D4E9-4667-B44F-BB0D634D4C05}.Debug|Any CPU.ActiveCfg = Debug|Any CPU
		{B371E1D5-D4E9-4667-B44F-BB0D634D4C05}.Debug|Any CPU.Build.0 = Debug|Any CPU
		{B371E1D5-D4E9-4667-B44F-BB0D634D4C05}.Debug|x64.ActiveCfg = Debug|Any CPU
		{B371E1D5-D4E9-4667-B44F-BB0D634D4C05}.Debug|x64.Build.0 = Debug|Any CPU
		{B371E1D5-D4E9-4667-B44F-BB0D634D4C05}.Debug|x86.ActiveCfg = Debug|Any CPU
		{B371E1D5-D4E9-4667-B44F-BB0D634D4C05}.Debug|x86.Build.0 = Debug|Any CPU
		{B371E1D5-D4E9-4667-B44F-BB0D634D4C05}.Release|Any CPU.ActiveCfg = Release|Any CPU
		{B371E1D5-D4E9-4667-B44F-BB0D634D4C05}.Release|Any CPU.Build.0 = Release|Any CPU
		{B371E1D5-D4E9-4667-B44F-BB0D634D4C05}.Release|x64.ActiveCfg = Release|Any CPU
		{B371E1D5-D4E9-4667-B44F-BB0D634D4C05}.Release|x64.Build.0 = Release|Any CPU
		{B371E1D5-D4E9-4667-B44F-BB0D634D4C05}.Release|x86.ActiveCfg = Release|Any CPU
		{B371E1D5-D4E9-4667-B44F-BB0D634D4C05}.Release|x86.Build.0 = Release|Any CPU
		{D3E01693-063F-4409-80D1-C18BC1AA5861}.Debug|Any CPU.ActiveCfg = Debug|Any CPU
		{D3E01693-063F-4409-80D1-C18BC1AA5861}.Debug|Any CPU.Build.0 = Debug|Any CPU
		{D3E01693-063F-4409-80D1-C18BC1AA5861}.Debug|x64.ActiveCfg = Debug|Any CPU
		{D3E01693-063F-4409-80D1-C18BC1AA5861}.Debug|x64.Build.0 = Debug|Any CPU
		{D3E01693-063F-4409-80D1-C18BC1AA5861}.Debug|x86.ActiveCfg = Debug|Any CPU
		{D3E01693-063F-4409-80D1-C18BC1AA5861}.Debug|x86.Build.0 = Debug|Any CPU
		{D3E01693-063F-4409-80D1-C18BC1AA5861}.Release|Any CPU.ActiveCfg = Release|Any CPU
		{D3E01693-063F-4409-80D1-C18BC1AA5861}.Release|Any CPU.Build.0 = Release|Any CPU
		{D3E01693-063F-4409-80D1-C18BC1AA5861}.Release|x64.ActiveCfg = Release|Any CPU
		{D3E01693-063F-4409-80D1-C18BC1AA5861}.Release|x64.Build.0 = Release|Any CPU
		{D3E01693-063F-4409-80D1-C18BC1AA5861}.Release|x86.ActiveCfg = Release|Any CPU
		{D3E01693-063F-4409-80D1-C18BC1AA5861}.Release|x86.Build.0 = Release|Any CPU
		{208A2056-2839-49BF-885F-EF759288D808}.Debug|Any CPU.ActiveCfg = Debug|Any CPU
		{208A2056-2839-49BF-885F-EF759288D808}.Debug|Any CPU.Build.0 = Debug|Any CPU
		{208A2056-2839-49BF-885F-EF759288D808}.Debug|x64.ActiveCfg = Debug|Any CPU
		{208A2056-2839-49BF-885F-EF759288D808}.Debug|x64.Build.0 = Debug|Any CPU
		{208A2056-2839-49BF-885F-EF759288D808}.Debug|x86.ActiveCfg = Debug|Any CPU
		{208A2056-2839-49BF-885F-EF759288D808}.Debug|x86.Build.0 = Debug|Any CPU
		{208A2056-2839-49BF-885F-EF759288D808}.Release|Any CPU.ActiveCfg = Release|Any CPU
		{208A2056-2839-49BF-885F-EF759288D808}.Release|Any CPU.Build.0 = Release|Any CPU
		{208A2056-2839-49BF-885F-EF759288D808}.Release|x64.ActiveCfg = Release|Any CPU
		{208A2056-2839-49BF-885F-EF759288D808}.Release|x64.Build.0 = Release|Any CPU
		{208A2056-2839-49BF-885F-EF759288D808}.Release|x86.ActiveCfg = Release|Any CPU
		{208A2056-2839-49BF-885F-EF759288D808}.Release|x86.Build.0 = Release|Any CPU
		{D5D251C0-C903-4C99-87C8-F8789AEEAD16}.Debug|Any CPU.ActiveCfg = Debug|Any CPU
		{D5D251C0-C903-4C99-87C8-F8789AEEAD16}.Debug|Any CPU.Build.0 = Debug|Any CPU
		{D5D251C0-C903-4C99-87C8-F8789AEEAD16}.Debug|x64.ActiveCfg = Debug|Any CPU
		{D5D251C0-C903-4C99-87C8-F8789AEEAD16}.Debug|x64.Build.0 = Debug|Any CPU
		{D5D251C0-C903-4C99-87C8-F8789AEEAD16}.Debug|x86.ActiveCfg = Debug|Any CPU
		{D5D251C0-C903-4C99-87C8-F8789AEEAD16}.Debug|x86.Build.0 = Debug|Any CPU
		{D5D251C0-C903-4C99-87C8-F8789AEEAD16}.Release|Any CPU.ActiveCfg = Release|Any CPU
		{D5D251C0-C903-4C99-87C8-F8789AEEAD16}.Release|Any CPU.Build.0 = Release|Any CPU
		{D5D251C0-C903-4C99-87C8-F8789AEEAD16}.Release|x64.ActiveCfg = Release|Any CPU
		{D5D251C0-C903-4C99-87C8-F8789AEEAD16}.Release|x64.Build.0 = Release|Any CPU
		{D5D251C0-C903-4C99-87C8-F8789AEEAD16}.Release|x86.ActiveCfg = Release|Any CPU
		{D5D251C0-C903-4C99-87C8-F8789AEEAD16}.Release|x86.Build.0 = Release|Any CPU
		{91331332-0ABD-4CA1-9F10-95A1034B85D1}.Debug|Any CPU.ActiveCfg = Debug|Any CPU
		{91331332-0ABD-4CA1-9F10-95A1034B85D1}.Debug|Any CPU.Build.0 = Debug|Any CPU
		{91331332-0ABD-4CA1-9F10-95A1034B85D1}.Debug|x64.ActiveCfg = Debug|Any CPU
		{91331332-0ABD-4CA1-9F10-95A1034B85D1}.Debug|x64.Build.0 = Debug|Any CPU
		{91331332-0ABD-4CA1-9F10-95A1034B85D1}.Debug|x86.ActiveCfg = Debug|Any CPU
		{91331332-0ABD-4CA1-9F10-95A1034B85D1}.Debug|x86.Build.0 = Debug|Any CPU
		{91331332-0ABD-4CA1-9F10-95A1034B85D1}.Release|Any CPU.ActiveCfg = Release|Any CPU
		{91331332-0ABD-4CA1-9F10-95A1034B85D1}.Release|Any CPU.Build.0 = Release|Any CPU
		{91331332-0ABD-4CA1-9F10-95A1034B85D1}.Release|x64.ActiveCfg = Release|Any CPU
		{91331332-0ABD-4CA1-9F10-95A1034B85D1}.Release|x64.Build.0 = Release|Any CPU
		{91331332-0ABD-4CA1-9F10-95A1034B85D1}.Release|x86.ActiveCfg = Release|Any CPU
		{91331332-0ABD-4CA1-9F10-95A1034B85D1}.Release|x86.Build.0 = Release|Any CPU
		{88776ED5-487F-4D08-9E79-29313D36EB0A}.Debug|Any CPU.ActiveCfg = Debug|Any CPU
		{88776ED5-487F-4D08-9E79-29313D36EB0A}.Debug|Any CPU.Build.0 = Debug|Any CPU
		{88776ED5-487F-4D08-9E79-29313D36EB0A}.Debug|x64.ActiveCfg = Debug|Any CPU
		{88776ED5-487F-4D08-9E79-29313D36EB0A}.Debug|x64.Build.0 = Debug|Any CPU
		{88776ED5-487F-4D08-9E79-29313D36EB0A}.Debug|x86.ActiveCfg = Debug|Any CPU
		{88776ED5-487F-4D08-9E79-29313D36EB0A}.Debug|x86.Build.0 = Debug|Any CPU
		{88776ED5-487F-4D08-9E79-29313D36EB0A}.Release|Any CPU.ActiveCfg = Release|Any CPU
		{88776ED5-487F-4D08-9E79-29313D36EB0A}.Release|Any CPU.Build.0 = Release|Any CPU
		{88776ED5-487F-4D08-9E79-29313D36EB0A}.Release|x64.ActiveCfg = Release|Any CPU
		{88776ED5-487F-4D08-9E79-29313D36EB0A}.Release|x64.Build.0 = Release|Any CPU
		{88776ED5-487F-4D08-9E79-29313D36EB0A}.Release|x86.ActiveCfg = Release|Any CPU
		{88776ED5-487F-4D08-9E79-29313D36EB0A}.Release|x86.Build.0 = Release|Any CPU
		{855D5ADD-5098-414C-B436-64E7167B1DEE}.Debug|Any CPU.ActiveCfg = Debug|Any CPU
		{855D5ADD-5098-414C-B436-64E7167B1DEE}.Debug|Any CPU.Build.0 = Debug|Any CPU
		{855D5ADD-5098-414C-B436-64E7167B1DEE}.Debug|x64.ActiveCfg = Debug|Any CPU
		{855D5ADD-5098-414C-B436-64E7167B1DEE}.Debug|x64.Build.0 = Debug|Any CPU
		{855D5ADD-5098-414C-B436-64E7167B1DEE}.Debug|x86.ActiveCfg = Debug|Any CPU
		{855D5ADD-5098-414C-B436-64E7167B1DEE}.Debug|x86.Build.0 = Debug|Any CPU
		{855D5ADD-5098-414C-B436-64E7167B1DEE}.Release|Any CPU.ActiveCfg = Release|Any CPU
		{855D5ADD-5098-414C-B436-64E7167B1DEE}.Release|Any CPU.Build.0 = Release|Any CPU
		{855D5ADD-5098-414C-B436-64E7167B1DEE}.Release|x64.ActiveCfg = Release|Any CPU
		{855D5ADD-5098-414C-B436-64E7167B1DEE}.Release|x64.Build.0 = Release|Any CPU
		{855D5ADD-5098-414C-B436-64E7167B1DEE}.Release|x86.ActiveCfg = Release|Any CPU
		{855D5ADD-5098-414C-B436-64E7167B1DEE}.Release|x86.Build.0 = Release|Any CPU
		{7F948093-7ABA-40B8-810D-E7D87CC58384}.Debug|Any CPU.ActiveCfg = Debug|Any CPU
		{7F948093-7ABA-40B8-810D-E7D87CC58384}.Debug|Any CPU.Build.0 = Debug|Any CPU
		{7F948093-7ABA-40B8-810D-E7D87CC58384}.Debug|x64.ActiveCfg = Debug|Any CPU
		{7F948093-7ABA-40B8-810D-E7D87CC58384}.Debug|x64.Build.0 = Debug|Any CPU
		{7F948093-7ABA-40B8-810D-E7D87CC58384}.Debug|x86.ActiveCfg = Debug|Any CPU
		{7F948093-7ABA-40B8-810D-E7D87CC58384}.Debug|x86.Build.0 = Debug|Any CPU
		{7F948093-7ABA-40B8-810D-E7D87CC58384}.Release|Any CPU.ActiveCfg = Release|Any CPU
		{7F948093-7ABA-40B8-810D-E7D87CC58384}.Release|Any CPU.Build.0 = Release|Any CPU
		{7F948093-7ABA-40B8-810D-E7D87CC58384}.Release|x64.ActiveCfg = Release|Any CPU
		{7F948093-7ABA-40B8-810D-E7D87CC58384}.Release|x64.Build.0 = Release|Any CPU
		{7F948093-7ABA-40B8-810D-E7D87CC58384}.Release|x86.ActiveCfg = Release|Any CPU
		{7F948093-7ABA-40B8-810D-E7D87CC58384}.Release|x86.Build.0 = Release|Any CPU
		{6A017A9A-178A-4DB7-9001-BC7A59F81E09}.Debug|Any CPU.ActiveCfg = Debug|Any CPU
		{6A017A9A-178A-4DB7-9001-BC7A59F81E09}.Debug|Any CPU.Build.0 = Debug|Any CPU
		{6A017A9A-178A-4DB7-9001-BC7A59F81E09}.Debug|x64.ActiveCfg = Debug|Any CPU
		{6A017A9A-178A-4DB7-9001-BC7A59F81E09}.Debug|x64.Build.0 = Debug|Any CPU
		{6A017A9A-178A-4DB7-9001-BC7A59F81E09}.Debug|x86.ActiveCfg = Debug|Any CPU
		{6A017A9A-178A-4DB7-9001-BC7A59F81E09}.Debug|x86.Build.0 = Debug|Any CPU
		{6A017A9A-178A-4DB7-9001-BC7A59F81E09}.Release|Any CPU.ActiveCfg = Release|Any CPU
		{6A017A9A-178A-4DB7-9001-BC7A59F81E09}.Release|Any CPU.Build.0 = Release|Any CPU
		{6A017A9A-178A-4DB7-9001-BC7A59F81E09}.Release|x64.ActiveCfg = Release|Any CPU
		{6A017A9A-178A-4DB7-9001-BC7A59F81E09}.Release|x64.Build.0 = Release|Any CPU
		{6A017A9A-178A-4DB7-9001-BC7A59F81E09}.Release|x86.ActiveCfg = Release|Any CPU
		{6A017A9A-178A-4DB7-9001-BC7A59F81E09}.Release|x86.Build.0 = Release|Any CPU
		{415D5BF3-E1EA-432C-803F-FC5914CE5096}.Debug|Any CPU.ActiveCfg = Debug|Any CPU
		{415D5BF3-E1EA-432C-803F-FC5914CE5096}.Debug|Any CPU.Build.0 = Debug|Any CPU
		{415D5BF3-E1EA-432C-803F-FC5914CE5096}.Debug|x64.ActiveCfg = Debug|Any CPU
		{415D5BF3-E1EA-432C-803F-FC5914CE5096}.Debug|x64.Build.0 = Debug|Any CPU
		{415D5BF3-E1EA-432C-803F-FC5914CE5096}.Debug|x86.ActiveCfg = Debug|Any CPU
		{415D5BF3-E1EA-432C-803F-FC5914CE5096}.Debug|x86.Build.0 = Debug|Any CPU
		{415D5BF3-E1EA-432C-803F-FC5914CE5096}.Release|Any CPU.ActiveCfg = Release|Any CPU
		{415D5BF3-E1EA-432C-803F-FC5914CE5096}.Release|Any CPU.Build.0 = Release|Any CPU
		{415D5BF3-E1EA-432C-803F-FC5914CE5096}.Release|x64.ActiveCfg = Release|Any CPU
		{415D5BF3-E1EA-432C-803F-FC5914CE5096}.Release|x64.Build.0 = Release|Any CPU
		{415D5BF3-E1EA-432C-803F-FC5914CE5096}.Release|x86.ActiveCfg = Release|Any CPU
		{415D5BF3-E1EA-432C-803F-FC5914CE5096}.Release|x86.Build.0 = Release|Any CPU
		{9B7F7009-C8A3-4E19-B7F5-FCAED25A2CBF}.Debug|Any CPU.ActiveCfg = Debug|Any CPU
		{9B7F7009-C8A3-4E19-B7F5-FCAED25A2CBF}.Debug|Any CPU.Build.0 = Debug|Any CPU
		{9B7F7009-C8A3-4E19-B7F5-FCAED25A2CBF}.Debug|x64.ActiveCfg = Debug|Any CPU
		{9B7F7009-C8A3-4E19-B7F5-FCAED25A2CBF}.Debug|x64.Build.0 = Debug|Any CPU
		{9B7F7009-C8A3-4E19-B7F5-FCAED25A2CBF}.Debug|x86.ActiveCfg = Debug|Any CPU
		{9B7F7009-C8A3-4E19-B7F5-FCAED25A2CBF}.Debug|x86.Build.0 = Debug|Any CPU
		{9B7F7009-C8A3-4E19-B7F5-FCAED25A2CBF}.Release|Any CPU.ActiveCfg = Release|Any CPU
		{9B7F7009-C8A3-4E19-B7F5-FCAED25A2CBF}.Release|Any CPU.Build.0 = Release|Any CPU
		{9B7F7009-C8A3-4E19-B7F5-FCAED25A2CBF}.Release|x64.ActiveCfg = Release|Any CPU
		{9B7F7009-C8A3-4E19-B7F5-FCAED25A2CBF}.Release|x64.Build.0 = Release|Any CPU
		{9B7F7009-C8A3-4E19-B7F5-FCAED25A2CBF}.Release|x86.ActiveCfg = Release|Any CPU
		{9B7F7009-C8A3-4E19-B7F5-FCAED25A2CBF}.Release|x86.Build.0 = Release|Any CPU
		{2D127AD3-3B6F-48E7-A2B4-FA597810E4DE}.Debug|Any CPU.ActiveCfg = Debug|Any CPU
		{2D127AD3-3B6F-48E7-A2B4-FA597810E4DE}.Debug|Any CPU.Build.0 = Debug|Any CPU
		{2D127AD3-3B6F-48E7-A2B4-FA597810E4DE}.Debug|x64.ActiveCfg = Debug|Any CPU
		{2D127AD3-3B6F-48E7-A2B4-FA597810E4DE}.Debug|x64.Build.0 = Debug|Any CPU
		{2D127AD3-3B6F-48E7-A2B4-FA597810E4DE}.Debug|x86.ActiveCfg = Debug|Any CPU
		{2D127AD3-3B6F-48E7-A2B4-FA597810E4DE}.Debug|x86.Build.0 = Debug|Any CPU
		{2D127AD3-3B6F-48E7-A2B4-FA597810E4DE}.Release|Any CPU.ActiveCfg = Release|Any CPU
		{2D127AD3-3B6F-48E7-A2B4-FA597810E4DE}.Release|Any CPU.Build.0 = Release|Any CPU
		{2D127AD3-3B6F-48E7-A2B4-FA597810E4DE}.Release|x64.ActiveCfg = Release|Any CPU
		{2D127AD3-3B6F-48E7-A2B4-FA597810E4DE}.Release|x64.Build.0 = Release|Any CPU
		{2D127AD3-3B6F-48E7-A2B4-FA597810E4DE}.Release|x86.ActiveCfg = Release|Any CPU
		{2D127AD3-3B6F-48E7-A2B4-FA597810E4DE}.Release|x86.Build.0 = Release|Any CPU
		{30425282-E30B-4ECE-AD6C-7BB710A8D40C}.Debug|Any CPU.ActiveCfg = Debug|Any CPU
		{30425282-E30B-4ECE-AD6C-7BB710A8D40C}.Debug|Any CPU.Build.0 = Debug|Any CPU
		{30425282-E30B-4ECE-AD6C-7BB710A8D40C}.Debug|x64.ActiveCfg = Debug|Any CPU
		{30425282-E30B-4ECE-AD6C-7BB710A8D40C}.Debug|x64.Build.0 = Debug|Any CPU
		{30425282-E30B-4ECE-AD6C-7BB710A8D40C}.Debug|x86.ActiveCfg = Debug|Any CPU
		{30425282-E30B-4ECE-AD6C-7BB710A8D40C}.Debug|x86.Build.0 = Debug|Any CPU
		{30425282-E30B-4ECE-AD6C-7BB710A8D40C}.Release|Any CPU.ActiveCfg = Release|Any CPU
		{30425282-E30B-4ECE-AD6C-7BB710A8D40C}.Release|Any CPU.Build.0 = Release|Any CPU
		{30425282-E30B-4ECE-AD6C-7BB710A8D40C}.Release|x64.ActiveCfg = Release|Any CPU
		{30425282-E30B-4ECE-AD6C-7BB710A8D40C}.Release|x64.Build.0 = Release|Any CPU
		{30425282-E30B-4ECE-AD6C-7BB710A8D40C}.Release|x86.ActiveCfg = Release|Any CPU
		{30425282-E30B-4ECE-AD6C-7BB710A8D40C}.Release|x86.Build.0 = Release|Any CPU
		{D7683BF0-5F04-4CA5-9A48-5F48FD23F8F7}.Debug|Any CPU.ActiveCfg = Debug|Any CPU
		{D7683BF0-5F04-4CA5-9A48-5F48FD23F8F7}.Debug|Any CPU.Build.0 = Debug|Any CPU
		{D7683BF0-5F04-4CA5-9A48-5F48FD23F8F7}.Debug|x64.ActiveCfg = Debug|Any CPU
		{D7683BF0-5F04-4CA5-9A48-5F48FD23F8F7}.Debug|x64.Build.0 = Debug|Any CPU
		{D7683BF0-5F04-4CA5-9A48-5F48FD23F8F7}.Debug|x86.ActiveCfg = Debug|Any CPU
		{D7683BF0-5F04-4CA5-9A48-5F48FD23F8F7}.Debug|x86.Build.0 = Debug|Any CPU
		{D7683BF0-5F04-4CA5-9A48-5F48FD23F8F7}.Release|Any CPU.ActiveCfg = Release|Any CPU
		{D7683BF0-5F04-4CA5-9A48-5F48FD23F8F7}.Release|Any CPU.Build.0 = Release|Any CPU
		{D7683BF0-5F04-4CA5-9A48-5F48FD23F8F7}.Release|x64.ActiveCfg = Release|Any CPU
		{D7683BF0-5F04-4CA5-9A48-5F48FD23F8F7}.Release|x64.Build.0 = Release|Any CPU
		{D7683BF0-5F04-4CA5-9A48-5F48FD23F8F7}.Release|x86.ActiveCfg = Release|Any CPU
		{D7683BF0-5F04-4CA5-9A48-5F48FD23F8F7}.Release|x86.Build.0 = Release|Any CPU
		{EBBFB113-804E-49E0-939D-1A1A548316A4}.Debug|Any CPU.ActiveCfg = Debug|Any CPU
		{EBBFB113-804E-49E0-939D-1A1A548316A4}.Debug|Any CPU.Build.0 = Debug|Any CPU
		{EBBFB113-804E-49E0-939D-1A1A548316A4}.Debug|x64.ActiveCfg = Debug|Any CPU
		{EBBFB113-804E-49E0-939D-1A1A548316A4}.Debug|x64.Build.0 = Debug|Any CPU
		{EBBFB113-804E-49E0-939D-1A1A548316A4}.Debug|x86.ActiveCfg = Debug|Any CPU
		{EBBFB113-804E-49E0-939D-1A1A548316A4}.Debug|x86.Build.0 = Debug|Any CPU
		{EBBFB113-804E-49E0-939D-1A1A548316A4}.Release|Any CPU.ActiveCfg = Release|Any CPU
		{EBBFB113-804E-49E0-939D-1A1A548316A4}.Release|Any CPU.Build.0 = Release|Any CPU
		{EBBFB113-804E-49E0-939D-1A1A548316A4}.Release|x64.ActiveCfg = Release|Any CPU
		{EBBFB113-804E-49E0-939D-1A1A548316A4}.Release|x64.Build.0 = Release|Any CPU
		{EBBFB113-804E-49E0-939D-1A1A548316A4}.Release|x86.ActiveCfg = Release|Any CPU
		{EBBFB113-804E-49E0-939D-1A1A548316A4}.Release|x86.Build.0 = Release|Any CPU
		{6E0520AB-0C81-4DEB-9152-71A3C56D8AB2}.Debug|Any CPU.ActiveCfg = Debug|Any CPU
		{6E0520AB-0C81-4DEB-9152-71A3C56D8AB2}.Debug|Any CPU.Build.0 = Debug|Any CPU
		{6E0520AB-0C81-4DEB-9152-71A3C56D8AB2}.Debug|x64.ActiveCfg = Debug|Any CPU
		{6E0520AB-0C81-4DEB-9152-71A3C56D8AB2}.Debug|x64.Build.0 = Debug|Any CPU
		{6E0520AB-0C81-4DEB-9152-71A3C56D8AB2}.Debug|x86.ActiveCfg = Debug|Any CPU
		{6E0520AB-0C81-4DEB-9152-71A3C56D8AB2}.Debug|x86.Build.0 = Debug|Any CPU
		{6E0520AB-0C81-4DEB-9152-71A3C56D8AB2}.Release|Any CPU.ActiveCfg = Release|Any CPU
		{6E0520AB-0C81-4DEB-9152-71A3C56D8AB2}.Release|Any CPU.Build.0 = Release|Any CPU
		{6E0520AB-0C81-4DEB-9152-71A3C56D8AB2}.Release|x64.ActiveCfg = Release|Any CPU
		{6E0520AB-0C81-4DEB-9152-71A3C56D8AB2}.Release|x64.Build.0 = Release|Any CPU
		{6E0520AB-0C81-4DEB-9152-71A3C56D8AB2}.Release|x86.ActiveCfg = Release|Any CPU
		{6E0520AB-0C81-4DEB-9152-71A3C56D8AB2}.Release|x86.Build.0 = Release|Any CPU
		{D1F9E3E1-32BE-4A27-B5FA-427333AAAB69}.Debug|Any CPU.ActiveCfg = Debug|Any CPU
		{D1F9E3E1-32BE-4A27-B5FA-427333AAAB69}.Debug|Any CPU.Build.0 = Debug|Any CPU
		{D1F9E3E1-32BE-4A27-B5FA-427333AAAB69}.Debug|x64.ActiveCfg = Debug|Any CPU
		{D1F9E3E1-32BE-4A27-B5FA-427333AAAB69}.Debug|x64.Build.0 = Debug|Any CPU
		{D1F9E3E1-32BE-4A27-B5FA-427333AAAB69}.Debug|x86.ActiveCfg = Debug|Any CPU
		{D1F9E3E1-32BE-4A27-B5FA-427333AAAB69}.Debug|x86.Build.0 = Debug|Any CPU
		{D1F9E3E1-32BE-4A27-B5FA-427333AAAB69}.Release|Any CPU.ActiveCfg = Release|Any CPU
		{D1F9E3E1-32BE-4A27-B5FA-427333AAAB69}.Release|Any CPU.Build.0 = Release|Any CPU
		{D1F9E3E1-32BE-4A27-B5FA-427333AAAB69}.Release|x64.ActiveCfg = Release|Any CPU
		{D1F9E3E1-32BE-4A27-B5FA-427333AAAB69}.Release|x64.Build.0 = Release|Any CPU
		{D1F9E3E1-32BE-4A27-B5FA-427333AAAB69}.Release|x86.ActiveCfg = Release|Any CPU
		{D1F9E3E1-32BE-4A27-B5FA-427333AAAB69}.Release|x86.Build.0 = Release|Any CPU
		{ABEDAEAC-BEBE-4085-91B5-7108CBC09BD9}.Debug|Any CPU.ActiveCfg = Debug|Any CPU
		{ABEDAEAC-BEBE-4085-91B5-7108CBC09BD9}.Debug|Any CPU.Build.0 = Debug|Any CPU
		{ABEDAEAC-BEBE-4085-91B5-7108CBC09BD9}.Debug|x64.ActiveCfg = Debug|Any CPU
		{ABEDAEAC-BEBE-4085-91B5-7108CBC09BD9}.Debug|x64.Build.0 = Debug|Any CPU
		{ABEDAEAC-BEBE-4085-91B5-7108CBC09BD9}.Debug|x86.ActiveCfg = Debug|Any CPU
		{ABEDAEAC-BEBE-4085-91B5-7108CBC09BD9}.Debug|x86.Build.0 = Debug|Any CPU
		{ABEDAEAC-BEBE-4085-91B5-7108CBC09BD9}.Release|Any CPU.ActiveCfg = Release|Any CPU
		{ABEDAEAC-BEBE-4085-91B5-7108CBC09BD9}.Release|Any CPU.Build.0 = Release|Any CPU
		{ABEDAEAC-BEBE-4085-91B5-7108CBC09BD9}.Release|x64.ActiveCfg = Release|Any CPU
		{ABEDAEAC-BEBE-4085-91B5-7108CBC09BD9}.Release|x64.Build.0 = Release|Any CPU
		{ABEDAEAC-BEBE-4085-91B5-7108CBC09BD9}.Release|x86.ActiveCfg = Release|Any CPU
		{ABEDAEAC-BEBE-4085-91B5-7108CBC09BD9}.Release|x86.Build.0 = Release|Any CPU
		{BEB66C01-492C-41EC-A3CD-9593C6824C3D}.Debug|Any CPU.ActiveCfg = Debug|Any CPU
		{BEB66C01-492C-41EC-A3CD-9593C6824C3D}.Debug|Any CPU.Build.0 = Debug|Any CPU
		{BEB66C01-492C-41EC-A3CD-9593C6824C3D}.Debug|x64.ActiveCfg = Debug|Any CPU
		{BEB66C01-492C-41EC-A3CD-9593C6824C3D}.Debug|x64.Build.0 = Debug|Any CPU
		{BEB66C01-492C-41EC-A3CD-9593C6824C3D}.Debug|x86.ActiveCfg = Debug|Any CPU
		{BEB66C01-492C-41EC-A3CD-9593C6824C3D}.Debug|x86.Build.0 = Debug|Any CPU
		{BEB66C01-492C-41EC-A3CD-9593C6824C3D}.Release|Any CPU.ActiveCfg = Release|Any CPU
		{BEB66C01-492C-41EC-A3CD-9593C6824C3D}.Release|Any CPU.Build.0 = Release|Any CPU
		{BEB66C01-492C-41EC-A3CD-9593C6824C3D}.Release|x64.ActiveCfg = Release|Any CPU
		{BEB66C01-492C-41EC-A3CD-9593C6824C3D}.Release|x64.Build.0 = Release|Any CPU
		{BEB66C01-492C-41EC-A3CD-9593C6824C3D}.Release|x86.ActiveCfg = Release|Any CPU
		{BEB66C01-492C-41EC-A3CD-9593C6824C3D}.Release|x86.Build.0 = Release|Any CPU
		{C24D4E5A-9172-4B44-9AE7-47A9381D3F10}.Debug|Any CPU.ActiveCfg = Debug|Any CPU
		{C24D4E5A-9172-4B44-9AE7-47A9381D3F10}.Debug|Any CPU.Build.0 = Debug|Any CPU
		{C24D4E5A-9172-4B44-9AE7-47A9381D3F10}.Debug|x64.ActiveCfg = Debug|Any CPU
		{C24D4E5A-9172-4B44-9AE7-47A9381D3F10}.Debug|x64.Build.0 = Debug|Any CPU
		{C24D4E5A-9172-4B44-9AE7-47A9381D3F10}.Debug|x86.ActiveCfg = Debug|Any CPU
		{C24D4E5A-9172-4B44-9AE7-47A9381D3F10}.Debug|x86.Build.0 = Debug|Any CPU
		{C24D4E5A-9172-4B44-9AE7-47A9381D3F10}.Release|Any CPU.ActiveCfg = Release|Any CPU
		{C24D4E5A-9172-4B44-9AE7-47A9381D3F10}.Release|Any CPU.Build.0 = Release|Any CPU
		{C24D4E5A-9172-4B44-9AE7-47A9381D3F10}.Release|x64.ActiveCfg = Release|Any CPU
		{C24D4E5A-9172-4B44-9AE7-47A9381D3F10}.Release|x64.Build.0 = Release|Any CPU
		{C24D4E5A-9172-4B44-9AE7-47A9381D3F10}.Release|x86.ActiveCfg = Release|Any CPU
		{C24D4E5A-9172-4B44-9AE7-47A9381D3F10}.Release|x86.Build.0 = Release|Any CPU
		{F4A26E3A-2B80-4E9F-9C68-8E1D56E4A703}.Debug|Any CPU.ActiveCfg = Debug|Any CPU
		{F4A26E3A-2B80-4E9F-9C68-8E1D56E4A703}.Debug|Any CPU.Build.0 = Debug|Any CPU
		{F4A26E3A-2B80-4E9F-9C68-8E1D56E4A703}.Debug|x64.ActiveCfg = Debug|Any CPU
		{F4A26E3A-2B80-4E9F-9C68-8E1D56E4A703}.Debug|x64.Build.0 = Debug|Any CPU
		{F4A26E3A-2B80-4E9F-9C68-8E1D56E4A703}.Debug|x86.ActiveCfg = Debug|Any CPU
		{F4A26E3A-2B80-4E9F-9C68-8E1D56E4A703}.Debug|x86.Build.0 = Debug|Any CPU
		{F4A26E3A-2B80-4E9F-9C68-8E1D56E4A703}.Release|Any CPU.ActiveCfg = Release|Any CPU
		{F4A26E3A-2B80-4E9F-9C68-8E1D56E4A703}.Release|Any CPU.Build.0 = Release|Any CPU
		{F4A26E3A-2B80-4E9F-9C68-8E1D56E4A703}.Release|x64.ActiveCfg = Release|Any CPU
		{F4A26E3A-2B80-4E9F-9C68-8E1D56E4A703}.Release|x64.Build.0 = Release|Any CPU
		{F4A26E3A-2B80-4E9F-9C68-8E1D56E4A703}.Release|x86.ActiveCfg = Release|Any CPU
		{F4A26E3A-2B80-4E9F-9C68-8E1D56E4A703}.Release|x86.Build.0 = Release|Any CPU
	EndGlobalSection
	GlobalSection(SolutionProperties) = preSolution
		HideSolutionNode = FALSE
	EndGlobalSection
	GlobalSection(NestedProjects) = preSolution
		{90298CBA-BD6F-3A0A-69D5-97CAD7B05E7E} = {827E0CD3-B72D-47B6-A68D-7590B98EB39B}
		{98E60F84-0ACE-4924-8F2F-B391696E0D0F} = {90298CBA-BD6F-3A0A-69D5-97CAD7B05E7E}
		{D2F0380E-1762-4455-AB6E-838DDC57DCCD} = {90298CBA-BD6F-3A0A-69D5-97CAD7B05E7E}
		{6DE36310-A0C7-4B58-8D2C-B0993316404B} = {90298CBA-BD6F-3A0A-69D5-97CAD7B05E7E}
		{A1C0A2E2-4428-4D8E-9D1E-0D16D287D911} = {90298CBA-BD6F-3A0A-69D5-97CAD7B05E7E}
		{6306A8FB-679E-111F-6585-8F70E0EE6013} = {827E0CD3-B72D-47B6-A68D-7590B98EB39B}
		{E92545D1-8FAE-4986-AB79-FD675B890645} = {6306A8FB-679E-111F-6585-8F70E0EE6013}
		{984BB9B3-3FA3-BE33-9484-CAC21695A33C} = {827E0CD3-B72D-47B6-A68D-7590B98EB39B}
		{7FBF94EC-AF7D-B5AB-0253-14B290358DE4} = {984BB9B3-3FA3-BE33-9484-CAC21695A33C}
		{1956756B-D994-42EF-BCD6-E9A4EE623A3A} = {7FBF94EC-AF7D-B5AB-0253-14B290358DE4}
		{B371E1D5-D4E9-4667-B44F-BB0D634D4C05} = {7FBF94EC-AF7D-B5AB-0253-14B290358DE4}
		{D3E01693-063F-4409-80D1-C18BC1AA5861} = {7FBF94EC-AF7D-B5AB-0253-14B290358DE4}
		{208A2056-2839-49BF-885F-EF759288D808} = {7FBF94EC-AF7D-B5AB-0253-14B290358DE4}
		{1BFC9479-12BF-35C3-06B8-42D89D95092B} = {984BB9B3-3FA3-BE33-9484-CAC21695A33C}
		{D5D251C0-C903-4C99-87C8-F8789AEEAD16} = {1BFC9479-12BF-35C3-06B8-42D89D95092B}
		{91331332-0ABD-4CA1-9F10-95A1034B85D1} = {1BFC9479-12BF-35C3-06B8-42D89D95092B}
		{88776ED5-487F-4D08-9E79-29313D36EB0A} = {1BFC9479-12BF-35C3-06B8-42D89D95092B}
		{855D5ADD-5098-414C-B436-64E7167B1DEE} = {1BFC9479-12BF-35C3-06B8-42D89D95092B}
		{28252C9E-2B50-D3EB-3739-63F7D367C9D3} = {984BB9B3-3FA3-BE33-9484-CAC21695A33C}
		{7F948093-7ABA-40B8-810D-E7D87CC58384} = {28252C9E-2B50-D3EB-3739-63F7D367C9D3}
		{6A017A9A-178A-4DB7-9001-BC7A59F81E09} = {28252C9E-2B50-D3EB-3739-63F7D367C9D3}
		{415D5BF3-E1EA-432C-803F-FC5914CE5096} = {28252C9E-2B50-D3EB-3739-63F7D367C9D3}
		{EA0F35C7-732B-21E6-14BF-2A14EFF0C30B} = {984BB9B3-3FA3-BE33-9484-CAC21695A33C}
		{9B7F7009-C8A3-4E19-B7F5-FCAED25A2CBF} = {EA0F35C7-732B-21E6-14BF-2A14EFF0C30B}
		{2D127AD3-3B6F-48E7-A2B4-FA597810E4DE} = {EA0F35C7-732B-21E6-14BF-2A14EFF0C30B}
		{30425282-E30B-4ECE-AD6C-7BB710A8D40C} = {EA0F35C7-732B-21E6-14BF-2A14EFF0C30B}
		{D7683BF0-5F04-4CA5-9A48-5F48FD23F8F7} = {EA0F35C7-732B-21E6-14BF-2A14EFF0C30B}
		{EFB8DF9A-85A2-F853-6D08-6FA98AD00010} = {984BB9B3-3FA3-BE33-9484-CAC21695A33C}
		{EBBFB113-804E-49E0-939D-1A1A548316A4} = {EFB8DF9A-85A2-F853-6D08-6FA98AD00010}
		{875CD587-DE2F-08EE-74FB-D6BE4E474EF3} = {0AB3BF05-4346-4AA6-1389-037BE0695223}
		{6E0520AB-0C81-4DEB-9152-71A3C56D8AB2} = {875CD587-DE2F-08EE-74FB-D6BE4E474EF3}
		{28A6993C-471E-82FE-7D9E-AD3B1EC22BD9} = {0AB3BF05-4346-4AA6-1389-037BE0695223}
		{D1F9E3E1-32BE-4A27-B5FA-427333AAAB69} = {28A6993C-471E-82FE-7D9E-AD3B1EC22BD9}
		{ABEDAEAC-BEBE-4085-91B5-7108CBC09BD9} = {28A6993C-471E-82FE-7D9E-AD3B1EC22BD9}
		{9D556B49-86D1-93A7-9596-FFAAB74EC556} = {0AB3BF05-4346-4AA6-1389-037BE0695223}
		{BEB66C01-492C-41EC-A3CD-9593C6824C3D} = {9D556B49-86D1-93A7-9596-FFAAB74EC556}
		{C24D4E5A-9172-4B44-9AE7-47A9381D3F10} = {9D556B49-86D1-93A7-9596-FFAAB74EC556}
		{F4A26E3A-2B80-4E9F-9C68-8E1D56E4A703} = {9D556B49-86D1-93A7-9596-FFAAB74EC556}
	EndGlobalSection
EndGlobal
